
Microsoft Visual Studio Solution File, Format Version 12.00
# Visual Studio 15
VisualStudioVersion = 15.0.26730.12
MinimumVisualStudioVersion = 10.0.40219.1
Project("{FAE04EC0-301F-11D3-BF4B-00C04F79EFBC}") = "IENumerable", "IENumerable\IENumerable.csproj", "{F11BDBC7-9765-4257-910D-5A24F43F23C9}"
EndProject
Global
	GlobalSection(SolutionConfigurationPlatforms) = preSolution
		Debug|Any CPU = Debug|Any CPU
		Release|Any CPU = Release|Any CPU
	EndGlobalSection
	GlobalSection(ProjectConfigurationPlatforms) = postSolution
		{F11BDBC7-9765-4257-910D-5A24F43F23C9}.Debug|Any CPU.ActiveCfg = Debug|Any CPU
		{F11BDBC7-9765-4257-910D-5A24F43F23C9}.Debug|Any CPU.Build.0 = Debug|Any CPU
		{F11BDBC7-9765-4257-910D-5A24F43F23C9}.Release|Any CPU.ActiveCfg = Release|Any CPU
		{F11BDBC7-9765-4257-910D-5A24F43F23C9}.Release|Any CPU.Build.0 = Release|Any CPU
	EndGlobalSection
	GlobalSection(SolutionProperties) = preSolution
		HideSolutionNode = FALSE
	EndGlobalSection
	GlobalSection(ExtensibilityGlobals) = postSolution
		SolutionGuid = {EB9E375B-46DD-47C1-BAA6-DC3BC87480D1}
	EndGlobalSection
EndGlobal
